// !$*UTF8*$!
{
	archiveVersion = 1;
	classes = {
	};
	objectVersion = 46;
	objects = {

/* Begin PBXBuildFile section */
		1A9D2AFF26DE90733479951E /* Pods_VirtualChips.framework in Frameworks */ = {isa = PBXBuildFile; fileRef = D04B70CAB8BEC9CB4B12A5DA /* Pods_VirtualChips.framework */; };
		26BD5975F51502DD2F575FF8 /* Pods_VirtualChipsTests.framework in Frameworks */ = {isa = PBXBuildFile; fileRef = 706028ECBB2DE4DA36789FC6 /* Pods_VirtualChipsTests.framework */; };
		F629E6601FC265BE00597489 /* Game.swift in Sources */ = {isa = PBXBuildFile; fileRef = F629E65F1FC265BE00597489 /* Game.swift */; };
		F629E6621FC2660E00597489 /* Player.swift in Sources */ = {isa = PBXBuildFile; fileRef = F629E6611FC2660E00597489 /* Player.swift */; };
		F630F46E1FBA8C6A00CC0673 /* AppDelegate.swift in Sources */ = {isa = PBXBuildFile; fileRef = F630F46D1FBA8C6A00CC0673 /* AppDelegate.swift */; };
		F630F4751FBA8C6A00CC0673 /* Assets.xcassets in Resources */ = {isa = PBXBuildFile; fileRef = F630F4741FBA8C6A00CC0673 /* Assets.xcassets */; };
		F630F4781FBA8C6A00CC0673 /* LaunchScreen.storyboard in Resources */ = {isa = PBXBuildFile; fileRef = F630F4761FBA8C6A00CC0673 /* LaunchScreen.storyboard */; };
		F6AE81E11FC3905E00AC0790 /* ScannerViewController.swift in Sources */ = {isa = PBXBuildFile; fileRef = F6AE81E01FC3905E00AC0790 /* ScannerViewController.swift */; };
		F6D493CE1FBBB89F0076E59C /* GameHubViewController.swift in Sources */ = {isa = PBXBuildFile; fileRef = F6D493CD1FBBB89F0076E59C /* GameHubViewController.swift */; };
		F6D493D01FBBB9D60076E59C /* RegisterViewController.swift in Sources */ = {isa = PBXBuildFile; fileRef = F6D493CF1FBBB9D60076E59C /* RegisterViewController.swift */; };
		F6D493D21FBBC8890076E59C /* NewGameViewController.swift in Sources */ = {isa = PBXBuildFile; fileRef = F6D493D11FBBC8890076E59C /* NewGameViewController.swift */; };
		F6D493D41FBBC89B0076E59C /* JoinGameViewController.swift in Sources */ = {isa = PBXBuildFile; fileRef = F6D493D31FBBC89B0076E59C /* JoinGameViewController.swift */; };
		F6D493D61FBBDC870076E59C /* LoadingScreenViewController.swift in Sources */ = {isa = PBXBuildFile; fileRef = F6D493D51FBBDC870076E59C /* LoadingScreenViewController.swift */; };
		F6D493D81FBD7C150076E59C /* NewGameCodeViewController.swift in Sources */ = {isa = PBXBuildFile; fileRef = F6D493D71FBD7C150076E59C /* NewGameCodeViewController.swift */; };
		F6D493DA1FBD7FC70076E59C /* AlignPlayersViewController.swift in Sources */ = {isa = PBXBuildFile; fileRef = F6D493D91FBD7FC70076E59C /* AlignPlayersViewController.swift */; };
		F6D493DC1FBD7FE90076E59C /* InGameViewController.swift in Sources */ = {isa = PBXBuildFile; fileRef = F6D493DB1FBD7FE90076E59C /* InGameViewController.swift */; };
		F6D493DE1FBD802B0076E59C /* EndGameViewController.swift in Sources */ = {isa = PBXBuildFile; fileRef = F6D493DD1FBD802B0076E59C /* EndGameViewController.swift */; };
		F6D493E21FBFA3EF0076E59C /* Main.storyboard in Resources */ = {isa = PBXBuildFile; fileRef = F6D493E11FBFA3EE0076E59C /* Main.storyboard */; };
		F6E6FDE31FBAD9C700D7298B /* LoginViewController.swift in Sources */ = {isa = PBXBuildFile; fileRef = F6E6FDE21FBAD9C700D7298B /* LoginViewController.swift */; };
		F6E6FDE51FBAE19900D7298B /* WelcomeViewController.swift in Sources */ = {isa = PBXBuildFile; fileRef = F6E6FDE41FBAE19900D7298B /* WelcomeViewController.swift */; };
		F6F665E21FC29D4900772F8C /* ServerConnect.swift in Sources */ = {isa = PBXBuildFile; fileRef = F6F665E11FC29D4900772F8C /* ServerConnect.swift */; };
/* End PBXBuildFile section */

/* Begin PBXContainerItemProxy section */
		F630F47F1FBA8C6A00CC0673 /* PBXContainerItemProxy */ = {
			isa = PBXContainerItemProxy;
			containerPortal = F630F4621FBA8C6A00CC0673 /* Project object */;
			proxyType = 1;
			remoteGlobalIDString = F630F4691FBA8C6A00CC0673;
			remoteInfo = VirtualChips;
		};
/* End PBXContainerItemProxy section */

/* Begin PBXFileReference section */
		012213BFF023147052EC2B0A /* Pods-VirtualChips.release.xcconfig */ = {isa = PBXFileReference; includeInIndex = 1; lastKnownFileType = text.xcconfig; name = "Pods-VirtualChips.release.xcconfig"; path = "Pods/Target Support Files/Pods-VirtualChips/Pods-VirtualChips.release.xcconfig"; sourceTree = "<group>"; };
		588E2E386FEB8851B6967D19 /* Pods-VirtualChips.debug.xcconfig */ = {isa = PBXFileReference; includeInIndex = 1; lastKnownFileType = text.xcconfig; name = "Pods-VirtualChips.debug.xcconfig"; path = "Pods/Target Support Files/Pods-VirtualChips/Pods-VirtualChips.debug.xcconfig"; sourceTree = "<group>"; };
		706028ECBB2DE4DA36789FC6 /* Pods_VirtualChipsTests.framework */ = {isa = PBXFileReference; explicitFileType = wrapper.framework; includeInIndex = 0; path = Pods_VirtualChipsTests.framework; sourceTree = BUILT_PRODUCTS_DIR; };
		A47100D02A5BD0F161A12AEE /* Pods-VirtualChipsTests.release.xcconfig */ = {isa = PBXFileReference; includeInIndex = 1; lastKnownFileType = text.xcconfig; name = "Pods-VirtualChipsTests.release.xcconfig"; path = "Pods/Target Support Files/Pods-VirtualChipsTests/Pods-VirtualChipsTests.release.xcconfig"; sourceTree = "<group>"; };
		D04B70CAB8BEC9CB4B12A5DA /* Pods_VirtualChips.framework */ = {isa = PBXFileReference; explicitFileType = wrapper.framework; includeInIndex = 0; path = Pods_VirtualChips.framework; sourceTree = BUILT_PRODUCTS_DIR; };
		E59AEC1A8A788232A7885DC6 /* Pods-VirtualChipsTests.debug.xcconfig */ = {isa = PBXFileReference; includeInIndex = 1; lastKnownFileType = text.xcconfig; name = "Pods-VirtualChipsTests.debug.xcconfig"; path = "Pods/Target Support Files/Pods-VirtualChipsTests/Pods-VirtualChipsTests.debug.xcconfig"; sourceTree = "<group>"; };
		F629E65F1FC265BE00597489 /* Game.swift */ = {isa = PBXFileReference; lastKnownFileType = sourcecode.swift; name = Game.swift; path = Models/Game.swift; sourceTree = "<group>"; };
		F629E6611FC2660E00597489 /* Player.swift */ = {isa = PBXFileReference; lastKnownFileType = sourcecode.swift; name = Player.swift; path = Models/Player.swift; sourceTree = "<group>"; };
		F630F46A1FBA8C6A00CC0673 /* VirtualChips.app */ = {isa = PBXFileReference; explicitFileType = wrapper.application; includeInIndex = 0; path = VirtualChips.app; sourceTree = BUILT_PRODUCTS_DIR; };
		F630F46D1FBA8C6A00CC0673 /* AppDelegate.swift */ = {isa = PBXFileReference; lastKnownFileType = sourcecode.swift; path = AppDelegate.swift; sourceTree = "<group>"; };
		F630F4741FBA8C6A00CC0673 /* Assets.xcassets */ = {isa = PBXFileReference; lastKnownFileType = folder.assetcatalog; path = Assets.xcassets; sourceTree = "<group>"; };
		F630F4771FBA8C6A00CC0673 /* Base */ = {isa = PBXFileReference; lastKnownFileType = file.storyboard; name = Base; path = Base.lproj/LaunchScreen.storyboard; sourceTree = "<group>"; };
		F630F4791FBA8C6A00CC0673 /* Info.plist */ = {isa = PBXFileReference; lastKnownFileType = text.plist.xml; path = Info.plist; sourceTree = "<group>"; };
		F630F47E1FBA8C6A00CC0673 /* VirtualChipsTests.xctest */ = {isa = PBXFileReference; explicitFileType = wrapper.cfbundle; includeInIndex = 0; path = VirtualChipsTests.xctest; sourceTree = BUILT_PRODUCTS_DIR; };
		F6AE81E01FC3905E00AC0790 /* ScannerViewController.swift */ = {isa = PBXFileReference; lastKnownFileType = sourcecode.swift; name = ScannerViewController.swift; path = Controllers/ScannerViewController.swift; sourceTree = "<group>"; };
		F6D493CD1FBBB89F0076E59C /* GameHubViewController.swift */ = {isa = PBXFileReference; lastKnownFileType = sourcecode.swift; name = GameHubViewController.swift; path = Controllers/GameHubViewController.swift; sourceTree = "<group>"; };
		F6D493CF1FBBB9D60076E59C /* RegisterViewController.swift */ = {isa = PBXFileReference; lastKnownFileType = sourcecode.swift; name = RegisterViewController.swift; path = Controllers/RegisterViewController.swift; sourceTree = "<group>"; };
		F6D493D11FBBC8890076E59C /* NewGameViewController.swift */ = {isa = PBXFileReference; lastKnownFileType = sourcecode.swift; name = NewGameViewController.swift; path = Controllers/NewGameViewController.swift; sourceTree = "<group>"; };
		F6D493D31FBBC89B0076E59C /* JoinGameViewController.swift */ = {isa = PBXFileReference; lastKnownFileType = sourcecode.swift; name = JoinGameViewController.swift; path = Controllers/JoinGameViewController.swift; sourceTree = "<group>"; };
		F6D493D51FBBDC870076E59C /* LoadingScreenViewController.swift */ = {isa = PBXFileReference; lastKnownFileType = sourcecode.swift; name = LoadingScreenViewController.swift; path = Controllers/LoadingScreenViewController.swift; sourceTree = "<group>"; };
		F6D493D71FBD7C150076E59C /* NewGameCodeViewController.swift */ = {isa = PBXFileReference; lastKnownFileType = sourcecode.swift; name = NewGameCodeViewController.swift; path = Controllers/NewGameCodeViewController.swift; sourceTree = "<group>"; };
		F6D493D91FBD7FC70076E59C /* AlignPlayersViewController.swift */ = {isa = PBXFileReference; lastKnownFileType = sourcecode.swift; name = AlignPlayersViewController.swift; path = Controllers/AlignPlayersViewController.swift; sourceTree = "<group>"; };
		F6D493DB1FBD7FE90076E59C /* InGameViewController.swift */ = {isa = PBXFileReference; lastKnownFileType = sourcecode.swift; name = InGameViewController.swift; path = Controllers/InGameViewController.swift; sourceTree = "<group>"; };
		F6D493DD1FBD802B0076E59C /* EndGameViewController.swift */ = {isa = PBXFileReference; lastKnownFileType = sourcecode.swift; name = EndGameViewController.swift; path = Controllers/EndGameViewController.swift; sourceTree = "<group>"; };
		F6D493E11FBFA3EE0076E59C /* Main.storyboard */ = {isa = PBXFileReference; fileEncoding = 4; lastKnownFileType = file.storyboard; path = Main.storyboard; sourceTree = "<group>"; };
		F6E6FDE21FBAD9C700D7298B /* LoginViewController.swift */ = {isa = PBXFileReference; lastKnownFileType = sourcecode.swift; name = LoginViewController.swift; path = Controllers/LoginViewController.swift; sourceTree = "<group>"; };
		F6E6FDE41FBAE19900D7298B /* WelcomeViewController.swift */ = {isa = PBXFileReference; lastKnownFileType = sourcecode.swift; name = WelcomeViewController.swift; path = Controllers/WelcomeViewController.swift; sourceTree = "<group>"; };
		F6F665E11FC29D4900772F8C /* ServerConnect.swift */ = {isa = PBXFileReference; lastKnownFileType = sourcecode.swift; name = ServerConnect.swift; path = Models/ServerConnect.swift; sourceTree = "<group>"; };
/* End PBXFileReference section */

/* Begin PBXFrameworksBuildPhase section */
		F630F4671FBA8C6A00CC0673 /* Frameworks */ = {
			isa = PBXFrameworksBuildPhase;
			buildActionMask = 2147483647;
			files = (
				1A9D2AFF26DE90733479951E /* Pods_VirtualChips.framework in Frameworks */,
			);
			runOnlyForDeploymentPostprocessing = 0;
		};
		F630F47B1FBA8C6A00CC0673 /* Frameworks */ = {
			isa = PBXFrameworksBuildPhase;
			buildActionMask = 2147483647;
			files = (
				26BD5975F51502DD2F575FF8 /* Pods_VirtualChipsTests.framework in Frameworks */,
			);
			runOnlyForDeploymentPostprocessing = 0;
		};
/* End PBXFrameworksBuildPhase section */

/* Begin PBXGroup section */
		9DF9AC7C62BEF82FC1ABAF3C /* Pods */ = {
			isa = PBXGroup;
			children = (
				588E2E386FEB8851B6967D19 /* Pods-VirtualChips.debug.xcconfig */,
				012213BFF023147052EC2B0A /* Pods-VirtualChips.release.xcconfig */,
				E59AEC1A8A788232A7885DC6 /* Pods-VirtualChipsTests.debug.xcconfig */,
				A47100D02A5BD0F161A12AEE /* Pods-VirtualChipsTests.release.xcconfig */,
			);
			name = Pods;
			sourceTree = "<group>";
		};
		F5188CEF923AACBDDDE55C07 /* Frameworks */ = {
			isa = PBXGroup;
			children = (
				D04B70CAB8BEC9CB4B12A5DA /* Pods_VirtualChips.framework */,
				706028ECBB2DE4DA36789FC6 /* Pods_VirtualChipsTests.framework */,
			);
			name = Frameworks;
			sourceTree = "<group>";
		};
		F630F4611FBA8C6A00CC0673 = {
			isa = PBXGroup;
			children = (
				F630F46C1FBA8C6A00CC0673 /* VirtualChips */,
				F630F46B1FBA8C6A00CC0673 /* Products */,
				9DF9AC7C62BEF82FC1ABAF3C /* Pods */,
				F5188CEF923AACBDDDE55C07 /* Frameworks */,
			);
			sourceTree = "<group>";
		};
		F630F46B1FBA8C6A00CC0673 /* Products */ = {
			isa = PBXGroup;
			children = (
				F630F46A1FBA8C6A00CC0673 /* VirtualChips.app */,
				F630F47E1FBA8C6A00CC0673 /* VirtualChipsTests.xctest */,
			);
			name = Products;
			sourceTree = "<group>";
		};
		F630F46C1FBA8C6A00CC0673 /* VirtualChips */ = {
			isa = PBXGroup;
			children = (
				F630F4901FBA8CD200CC0673 /* Controllers */,
				F630F48F1FBA8CCB00CC0673 /* Views */,
				F630F48E1FBA8CC100CC0673 /* Models */,
				F630F48D1FBA8C9500CC0673 /* Plugins */,
				F630F46D1FBA8C6A00CC0673 /* AppDelegate.swift */,
				F630F4741FBA8C6A00CC0673 /* Assets.xcassets */,
				F6D493E11FBFA3EE0076E59C /* Main.storyboard */,
				F630F4761FBA8C6A00CC0673 /* LaunchScreen.storyboard */,
				F630F4791FBA8C6A00CC0673 /* Info.plist */,
			);
			path = VirtualChips;
			sourceTree = "<group>";
		};
		F630F48D1FBA8C9500CC0673 /* Plugins */ = {
			isa = PBXGroup;
			children = (
			);
			name = Plugins;
			sourceTree = "<group>";
		};
		F630F48E1FBA8CC100CC0673 /* Models */ = {
			isa = PBXGroup;
			children = (
				F629E65F1FC265BE00597489 /* Game.swift */,
				F629E6611FC2660E00597489 /* Player.swift */,
				F6F665E11FC29D4900772F8C /* ServerConnect.swift */,
			);
			name = Models;
			sourceTree = "<group>";
		};
		F630F48F1FBA8CCB00CC0673 /* Views */ = {
			isa = PBXGroup;
			children = (
			);
			name = Views;
			sourceTree = "<group>";
		};
		F630F4901FBA8CD200CC0673 /* Controllers */ = {
			isa = PBXGroup;
			children = (
				F6E6FDE21FBAD9C700D7298B /* LoginViewController.swift */,
				F6E6FDE41FBAE19900D7298B /* WelcomeViewController.swift */,
				F6D493CD1FBBB89F0076E59C /* GameHubViewController.swift */,
				F6D493CF1FBBB9D60076E59C /* RegisterViewController.swift */,
				F6D493D11FBBC8890076E59C /* NewGameViewController.swift */,
				F6D493D31FBBC89B0076E59C /* JoinGameViewController.swift */,
				F6D493D51FBBDC870076E59C /* LoadingScreenViewController.swift */,
				F6D493D71FBD7C150076E59C /* NewGameCodeViewController.swift */,
				F6D493D91FBD7FC70076E59C /* AlignPlayersViewController.swift */,
				F6D493DB1FBD7FE90076E59C /* InGameViewController.swift */,
				F6D493DD1FBD802B0076E59C /* EndGameViewController.swift */,
				F6AE81E01FC3905E00AC0790 /* ScannerViewController.swift */,
			);
			name = Controllers;
			sourceTree = "<group>";
		};
/* End PBXGroup section */

/* Begin PBXNativeTarget section */
		F630F4691FBA8C6A00CC0673 /* VirtualChips */ = {
			isa = PBXNativeTarget;
			buildConfigurationList = F630F4871FBA8C6A00CC0673 /* Build configuration list for PBXNativeTarget "VirtualChips" */;
			buildPhases = (
				47D2B7947EB247DDE59BBE77 /* [CP] Check Pods Manifest.lock */,
				F630F4661FBA8C6A00CC0673 /* Sources */,
				F630F4671FBA8C6A00CC0673 /* Frameworks */,
				F630F4681FBA8C6A00CC0673 /* Resources */,
				2841169F95AF7626DBF57162 /* [CP] Embed Pods Frameworks */,
				6713DC67810A9917C4751C9B /* [CP] Copy Pods Resources */,
			);
			buildRules = (
			);
			dependencies = (
			);
			name = VirtualChips;
			productName = VirtualChips;
			productReference = F630F46A1FBA8C6A00CC0673 /* VirtualChips.app */;
			productType = "com.apple.product-type.application";
		};
		F630F47D1FBA8C6A00CC0673 /* VirtualChipsTests */ = {
			isa = PBXNativeTarget;
			buildConfigurationList = F630F48A1FBA8C6A00CC0673 /* Build configuration list for PBXNativeTarget "VirtualChipsTests" */;
			buildPhases = (
				415F208CB373876FFECAB09A /* [CP] Check Pods Manifest.lock */,
				F630F47A1FBA8C6A00CC0673 /* Sources */,
				F630F47B1FBA8C6A00CC0673 /* Frameworks */,
				F630F47C1FBA8C6A00CC0673 /* Resources */,
				64588E0A53FCFB487D6D1890 /* [CP] Embed Pods Frameworks */,
				668C572760A100078F803A84 /* [CP] Copy Pods Resources */,
			);
			buildRules = (
			);
			dependencies = (
				F630F4801FBA8C6A00CC0673 /* PBXTargetDependency */,
			);
			name = VirtualChipsTests;
			productName = VirtualChipsTests;
			productReference = F630F47E1FBA8C6A00CC0673 /* VirtualChipsTests.xctest */;
			productType = "com.apple.product-type.bundle.unit-test";
		};
/* End PBXNativeTarget section */

/* Begin PBXProject section */
		F630F4621FBA8C6A00CC0673 /* Project object */ = {
			isa = PBXProject;
			attributes = {
				LastSwiftUpdateCheck = 0820;
				LastUpgradeCheck = 0910;
				ORGANIZATIONNAME = company;
				TargetAttributes = {
					F630F4691FBA8C6A00CC0673 = {
						CreatedOnToolsVersion = 8.2.1;
						ProvisioningStyle = Automatic;
					};
					F630F47D1FBA8C6A00CC0673 = {
						CreatedOnToolsVersion = 8.2.1;
						ProvisioningStyle = Automatic;
						TestTargetID = F630F4691FBA8C6A00CC0673;
					};
				};
			};
			buildConfigurationList = F630F4651FBA8C6A00CC0673 /* Build configuration list for PBXProject "VirtualChips" */;
			compatibilityVersion = "Xcode 3.2";
			developmentRegion = English;
			hasScannedForEncodings = 0;
			knownRegions = (
				en,
				Base,
			);
			mainGroup = F630F4611FBA8C6A00CC0673;
			productRefGroup = F630F46B1FBA8C6A00CC0673 /* Products */;
			projectDirPath = "";
			projectRoot = "";
			targets = (
				F630F4691FBA8C6A00CC0673 /* VirtualChips */,
				F630F47D1FBA8C6A00CC0673 /* VirtualChipsTests */,
			);
		};
/* End PBXProject section */

/* Begin PBXResourcesBuildPhase section */
		F630F4681FBA8C6A00CC0673 /* Resources */ = {
			isa = PBXResourcesBuildPhase;
			buildActionMask = 2147483647;
			files = (
				F630F4781FBA8C6A00CC0673 /* LaunchScreen.storyboard in Resources */,
				F630F4751FBA8C6A00CC0673 /* Assets.xcassets in Resources */,
				F6D493E21FBFA3EF0076E59C /* Main.storyboard in Resources */,
			);
			runOnlyForDeploymentPostprocessing = 0;
		};
		F630F47C1FBA8C6A00CC0673 /* Resources */ = {
			isa = PBXResourcesBuildPhase;
			buildActionMask = 2147483647;
			files = (
			);
			runOnlyForDeploymentPostprocessing = 0;
		};
/* End PBXResourcesBuildPhase section */

/* Begin PBXShellScriptBuildPhase section */
		2841169F95AF7626DBF57162 /* [CP] Embed Pods Frameworks */ = {
			isa = PBXShellScriptBuildPhase;
			buildActionMask = 2147483647;
			files = (
			);
			inputPaths = (
				"${SRCROOT}/Pods/Target Support Files/Pods-VirtualChips/Pods-VirtualChips-frameworks.sh",
				"${BUILT_PRODUCTS_DIR}/Starscream/Starscream.framework",
			);
			name = "[CP] Embed Pods Frameworks";
			outputPaths = (
				"${TARGET_BUILD_DIR}/${FRAMEWORKS_FOLDER_PATH}/Starscream.framework",
			);
			runOnlyForDeploymentPostprocessing = 0;
			shellPath = /bin/sh;
			shellScript = "\"${SRCROOT}/Pods/Target Support Files/Pods-VirtualChips/Pods-VirtualChips-frameworks.sh\"\n";
			showEnvVarsInLog = 0;
		};
		415F208CB373876FFECAB09A /* [CP] Check Pods Manifest.lock */ = {
			isa = PBXShellScriptBuildPhase;
			buildActionMask = 2147483647;
			files = (
			);
			inputPaths = (
				"${PODS_PODFILE_DIR_PATH}/Podfile.lock",
				"${PODS_ROOT}/Manifest.lock",
			);
			name = "[CP] Check Pods Manifest.lock";
			outputPaths = (
				"$(DERIVED_FILE_DIR)/Pods-VirtualChipsTests-checkManifestLockResult.txt",
			);
			runOnlyForDeploymentPostprocessing = 0;
			shellPath = /bin/sh;
			shellScript = "diff \"${PODS_PODFILE_DIR_PATH}/Podfile.lock\" \"${PODS_ROOT}/Manifest.lock\" > /dev/null\nif [ $? != 0 ] ; then\n    # print error to STDERR\n    echo \"error: The sandbox is not in sync with the Podfile.lock. Run 'pod install' or update your CocoaPods installation.\" >&2\n    exit 1\nfi\n# This output is used by Xcode 'outputs' to avoid re-running this script phase.\necho \"SUCCESS\" > \"${SCRIPT_OUTPUT_FILE_0}\"\n";
			showEnvVarsInLog = 0;
		};
		47D2B7947EB247DDE59BBE77 /* [CP] Check Pods Manifest.lock */ = {
			isa = PBXShellScriptBuildPhase;
			buildActionMask = 2147483647;
			files = (
			);
			inputPaths = (
				"${PODS_PODFILE_DIR_PATH}/Podfile.lock",
				"${PODS_ROOT}/Manifest.lock",
			);
			name = "[CP] Check Pods Manifest.lock";
			outputPaths = (
				"$(DERIVED_FILE_DIR)/Pods-VirtualChips-checkManifestLockResult.txt",
			);
			runOnlyForDeploymentPostprocessing = 0;
			shellPath = /bin/sh;
			shellScript = "diff \"${PODS_PODFILE_DIR_PATH}/Podfile.lock\" \"${PODS_ROOT}/Manifest.lock\" > /dev/null\nif [ $? != 0 ] ; then\n    # print error to STDERR\n    echo \"error: The sandbox is not in sync with the Podfile.lock. Run 'pod install' or update your CocoaPods installation.\" >&2\n    exit 1\nfi\n# This output is used by Xcode 'outputs' to avoid re-running this script phase.\necho \"SUCCESS\" > \"${SCRIPT_OUTPUT_FILE_0}\"\n";
			showEnvVarsInLog = 0;
		};
		64588E0A53FCFB487D6D1890 /* [CP] Embed Pods Frameworks */ = {
			isa = PBXShellScriptBuildPhase;
			buildActionMask = 2147483647;
			files = (
			);
			inputPaths = (
			);
			name = "[CP] Embed Pods Frameworks";
			outputPaths = (
			);
			runOnlyForDeploymentPostprocessing = 0;
			shellPath = /bin/sh;
			shellScript = "\"${SRCROOT}/Pods/Target Support Files/Pods-VirtualChipsTests/Pods-VirtualChipsTests-frameworks.sh\"\n";
			showEnvVarsInLog = 0;
		};
		668C572760A100078F803A84 /* [CP] Copy Pods Resources */ = {
			isa = PBXShellScriptBuildPhase;
			buildActionMask = 2147483647;
			files = (
			);
			inputPaths = (
			);
			name = "[CP] Copy Pods Resources";
			outputPaths = (
			);
			runOnlyForDeploymentPostprocessing = 0;
			shellPath = /bin/sh;
			shellScript = "\"${SRCROOT}/Pods/Target Support Files/Pods-VirtualChipsTests/Pods-VirtualChipsTests-resources.sh\"\n";
			showEnvVarsInLog = 0;
		};
		6713DC67810A9917C4751C9B /* [CP] Copy Pods Resources */ = {
			isa = PBXShellScriptBuildPhase;
			buildActionMask = 2147483647;
			files = (
			);
			inputPaths = (
			);
			name = "[CP] Copy Pods Resources";
			outputPaths = (
			);
			runOnlyForDeploymentPostprocessing = 0;
			shellPath = /bin/sh;
			shellScript = "\"${SRCROOT}/Pods/Target Support Files/Pods-VirtualChips/Pods-VirtualChips-resources.sh\"\n";
			showEnvVarsInLog = 0;
		};
/* End PBXShellScriptBuildPhase section */

/* Begin PBXSourcesBuildPhase section */
		F630F4661FBA8C6A00CC0673 /* Sources */ = {
			isa = PBXSourcesBuildPhase;
			buildActionMask = 2147483647;
			files = (
				F6D493DA1FBD7FC70076E59C /* AlignPlayersViewController.swift in Sources */,
				F6E6FDE31FBAD9C700D7298B /* LoginViewController.swift in Sources */,
				F6D493DE1FBD802B0076E59C /* EndGameViewController.swift in Sources */,
				F629E6601FC265BE00597489 /* Game.swift in Sources */,
				F629E6621FC2660E00597489 /* Player.swift in Sources */,
				F6D493D01FBBB9D60076E59C /* RegisterViewController.swift in Sources */,
				F6E6FDE51FBAE19900D7298B /* WelcomeViewController.swift in Sources */,
				F6D493D61FBBDC870076E59C /* LoadingScreenViewController.swift in Sources */,
				F6F665E21FC29D4900772F8C /* ServerConnect.swift in Sources */,
				F6D493DC1FBD7FE90076E59C /* InGameViewController.swift in Sources */,
				F6D493D81FBD7C150076E59C /* NewGameCodeViewController.swift in Sources */,
				F6D493CE1FBBB89F0076E59C /* GameHubViewController.swift in Sources */,
				F630F46E1FBA8C6A00CC0673 /* AppDelegate.swift in Sources */,
				F6D493D21FBBC8890076E59C /* NewGameViewController.swift in Sources */,
				F6D493D41FBBC89B0076E59C /* JoinGameViewController.swift in Sources */,
				F6AE81E11FC3905E00AC0790 /* ScannerViewController.swift in Sources */,
			);
			runOnlyForDeploymentPostprocessing = 0;
		};
		F630F47A1FBA8C6A00CC0673 /* Sources */ = {
			isa = PBXSourcesBuildPhase;
			buildActionMask = 2147483647;
			files = (
			);
			runOnlyForDeploymentPostprocessing = 0;
		};
/* End PBXSourcesBuildPhase section */

/* Begin PBXTargetDependency section */
		F630F4801FBA8C6A00CC0673 /* PBXTargetDependency */ = {
			isa = PBXTargetDependency;
			target = F630F4691FBA8C6A00CC0673 /* VirtualChips */;
			targetProxy = F630F47F1FBA8C6A00CC0673 /* PBXContainerItemProxy */;
		};
/* End PBXTargetDependency section */

/* Begin PBXVariantGroup section */
		F630F4761FBA8C6A00CC0673 /* LaunchScreen.storyboard */ = {
			isa = PBXVariantGroup;
			children = (
				F630F4771FBA8C6A00CC0673 /* Base */,
			);
			name = LaunchScreen.storyboard;
			sourceTree = "<group>";
		};
/* End PBXVariantGroup section */

/* Begin XCBuildConfiguration section */
		F630F4851FBA8C6A00CC0673 /* Debug */ = {
			isa = XCBuildConfiguration;
			buildSettings = {
				ALWAYS_SEARCH_USER_PATHS = NO;
				CLANG_ANALYZER_NONNULL = YES;
				CLANG_CXX_LANGUAGE_STANDARD = "gnu++0x";
				CLANG_CXX_LIBRARY = "libc++";
				CLANG_ENABLE_MODULES = YES;
				CLANG_ENABLE_OBJC_ARC = YES;
				CLANG_WARN_BLOCK_CAPTURE_AUTORELEASING = YES;
				CLANG_WARN_BOOL_CONVERSION = YES;
				CLANG_WARN_COMMA = YES;
				CLANG_WARN_CONSTANT_CONVERSION = YES;
				CLANG_WARN_DIRECT_OBJC_ISA_USAGE = YES_ERROR;
				CLANG_WARN_DOCUMENTATION_COMMENTS = YES;
				CLANG_WARN_EMPTY_BODY = YES;
				CLANG_WARN_ENUM_CONVERSION = YES;
				CLANG_WARN_INFINITE_RECURSION = YES;
				CLANG_WARN_INT_CONVERSION = YES;
				CLANG_WARN_NON_LITERAL_NULL_CONVERSION = YES;
				CLANG_WARN_OBJC_LITERAL_CONVERSION = YES;
				CLANG_WARN_OBJC_ROOT_CLASS = YES_ERROR;
				CLANG_WARN_RANGE_LOOP_ANALYSIS = YES;
				CLANG_WARN_STRICT_PROTOTYPES = YES;
				CLANG_WARN_SUSPICIOUS_MOVE = YES;
				CLANG_WARN_UNREACHABLE_CODE = YES;
				CLANG_WARN__DUPLICATE_METHOD_MATCH = YES;
				"CODE_SIGN_IDENTITY[sdk=iphoneos*]" = "iPhone Developer";
				COPY_PHASE_STRIP = NO;
				DEBUG_INFORMATION_FORMAT = dwarf;
				ENABLE_STRICT_OBJC_MSGSEND = YES;
				ENABLE_TESTABILITY = YES;
				GCC_C_LANGUAGE_STANDARD = gnu99;
				GCC_DYNAMIC_NO_PIC = NO;
				GCC_NO_COMMON_BLOCKS = YES;
				GCC_OPTIMIZATION_LEVEL = 0;
				GCC_PREPROCESSOR_DEFINITIONS = (
					"DEBUG=1",
					"$(inherited)",
				);
				GCC_WARN_64_TO_32_BIT_CONVERSION = YES;
				GCC_WARN_ABOUT_RETURN_TYPE = YES_ERROR;
				GCC_WARN_UNDECLARED_SELECTOR = YES;
				GCC_WARN_UNINITIALIZED_AUTOS = YES_AGGRESSIVE;
				GCC_WARN_UNUSED_FUNCTION = YES;
				GCC_WARN_UNUSED_VARIABLE = YES;
				IPHONEOS_DEPLOYMENT_TARGET = 10.2;
				MTL_ENABLE_DEBUG_INFO = YES;
				ONLY_ACTIVE_ARCH = YES;
				SDKROOT = iphoneos;
				SWIFT_ACTIVE_COMPILATION_CONDITIONS = DEBUG;
				SWIFT_OPTIMIZATION_LEVEL = "-Onone";
				TARGETED_DEVICE_FAMILY = "1,2";
			};
			name = Debug;
		};
		F630F4861FBA8C6A00CC0673 /* Release */ = {
			isa = XCBuildConfiguration;
			buildSettings = {
				ALWAYS_SEARCH_USER_PATHS = NO;
				CLANG_ANALYZER_NONNULL = YES;
				CLANG_CXX_LANGUAGE_STANDARD = "gnu++0x";
				CLANG_CXX_LIBRARY = "libc++";
				CLANG_ENABLE_MODULES = YES;
				CLANG_ENABLE_OBJC_ARC = YES;
				CLANG_WARN_BLOCK_CAPTURE_AUTORELEASING = YES;
				CLANG_WARN_BOOL_CONVERSION = YES;
				CLANG_WARN_COMMA = YES;
				CLANG_WARN_CONSTANT_CONVERSION = YES;
				CLANG_WARN_DIRECT_OBJC_ISA_USAGE = YES_ERROR;
				CLANG_WARN_DOCUMENTATION_COMMENTS = YES;
				CLANG_WARN_EMPTY_BODY = YES;
				CLANG_WARN_ENUM_CONVERSION = YES;
				CLANG_WARN_INFINITE_RECURSION = YES;
				CLANG_WARN_INT_CONVERSION = YES;
				CLANG_WARN_NON_LITERAL_NULL_CONVERSION = YES;
				CLANG_WARN_OBJC_LITERAL_CONVERSION = YES;
				CLANG_WARN_OBJC_ROOT_CLASS = YES_ERROR;
				CLANG_WARN_RANGE_LOOP_ANALYSIS = YES;
				CLANG_WARN_STRICT_PROTOTYPES = YES;
				CLANG_WARN_SUSPICIOUS_MOVE = YES;
				CLANG_WARN_UNREACHABLE_CODE = YES;
				CLANG_WARN__DUPLICATE_METHOD_MATCH = YES;
				"CODE_SIGN_IDENTITY[sdk=iphoneos*]" = "iPhone Developer";
				COPY_PHASE_STRIP = NO;
				DEBUG_INFORMATION_FORMAT = "dwarf-with-dsym";
				ENABLE_NS_ASSERTIONS = NO;
				ENABLE_STRICT_OBJC_MSGSEND = YES;
				GCC_C_LANGUAGE_STANDARD = gnu99;
				GCC_NO_COMMON_BLOCKS = YES;
				GCC_WARN_64_TO_32_BIT_CONVERSION = YES;
				GCC_WARN_ABOUT_RETURN_TYPE = YES_ERROR;
				GCC_WARN_UNDECLARED_SELECTOR = YES;
				GCC_WARN_UNINITIALIZED_AUTOS = YES_AGGRESSIVE;
				GCC_WARN_UNUSED_FUNCTION = YES;
				GCC_WARN_UNUSED_VARIABLE = YES;
				IPHONEOS_DEPLOYMENT_TARGET = 10.2;
				MTL_ENABLE_DEBUG_INFO = NO;
				SDKROOT = iphoneos;
				SWIFT_OPTIMIZATION_LEVEL = "-Owholemodule";
				TARGETED_DEVICE_FAMILY = "1,2";
				VALIDATE_PRODUCT = YES;
			};
			name = Release;
		};
		F630F4881FBA8C6A00CC0673 /* Debug */ = {
			isa = XCBuildConfiguration;
			baseConfigurationReference = 588E2E386FEB8851B6967D19 /* Pods-VirtualChips.debug.xcconfig */;
			buildSettings = {
				ASSETCATALOG_COMPILER_APPICON_NAME = AppIcon;
				INFOPLIST_FILE = VirtualChips/Info.plist;
				LD_RUNPATH_SEARCH_PATHS = "$(inherited) @executable_path/Frameworks";
				PRODUCT_BUNDLE_IDENTIFIER = com.company.VirtualChips;
				PRODUCT_NAME = "$(TARGET_NAME)";
				SWIFT_VERSION = 3.0;
			};
			name = Debug;
		};
		F630F4891FBA8C6A00CC0673 /* Release */ = {
			isa = XCBuildConfiguration;
			baseConfigurationReference = 012213BFF023147052EC2B0A /* Pods-VirtualChips.release.xcconfig */;
			buildSettings = {
				ASSETCATALOG_COMPILER_APPICON_NAME = AppIcon;
				INFOPLIST_FILE = VirtualChips/Info.plist;
				LD_RUNPATH_SEARCH_PATHS = "$(inherited) @executable_path/Frameworks";
				PRODUCT_BUNDLE_IDENTIFIER = com.company.VirtualChips;
				PRODUCT_NAME = "$(TARGET_NAME)";
				SWIFT_VERSION = 3.0;
			};
			name = Release;
		};
		F630F48B1FBA8C6A00CC0673 /* Debug */ = {
			isa = XCBuildConfiguration;
			baseConfigurationReference = E59AEC1A8A788232A7885DC6 /* Pods-VirtualChipsTests.debug.xcconfig */;
			buildSettings = {
				ALWAYS_EMBED_SWIFT_STANDARD_LIBRARIES = YES;
				BUNDLE_LOADER = "$(TEST_HOST)";
				INFOPLIST_FILE = VirtualChipsTests/Info.plist;
				LD_RUNPATH_SEARCH_PATHS = "$(inherited) @executable_path/Frameworks @loader_path/Frameworks";
				PRODUCT_BUNDLE_IDENTIFIER = com.company.VirtualChipsTests;
				PRODUCT_NAME = "$(TARGET_NAME)";
				SWIFT_VERSION = 3.0;
				TEST_HOST = "$(BUILT_PRODUCTS_DIR)/VirtualChips.app/VirtualChips";
			};
			name = Debug;
		};
		F630F48C1FBA8C6A00CC0673 /* Release */ = {
			isa = XCBuildConfiguration;
			baseConfigurationReference = A47100D02A5BD0F161A12AEE /* Pods-VirtualChipsTests.release.xcconfig */;
			buildSettings = {
				ALWAYS_EMBED_SWIFT_STANDARD_LIBRARIES = YES;
				BUNDLE_LOADER = "$(TEST_HOST)";
				INFOPLIST_FILE = VirtualChipsTests/Info.plist;
				LD_RUNPATH_SEARCH_PATHS = "$(inherited) @executable_path/Frameworks @loader_path/Frameworks";
				PRODUCT_BUNDLE_IDENTIFIER = com.company.VirtualChipsTests;
				PRODUCT_NAME = "$(TARGET_NAME)";
				SWIFT_VERSION = 3.0;
				TEST_HOST = "$(BUILT_PRODUCTS_DIR)/VirtualChips.app/VirtualChips";
			};
			name = Release;
		};
/* End XCBuildConfiguration section */

/* Begin XCConfigurationList section */
		F630F4651FBA8C6A00CC0673 /* Build configuration list for PBXProject "VirtualChips" */ = {
			isa = XCConfigurationList;
			buildConfigurations = (
				F630F4851FBA8C6A00CC0673 /* Debug */,
				F630F4861FBA8C6A00CC0673 /* Release */,
			);
			defaultConfigurationIsVisible = 0;
			defaultConfigurationName = Release;
		};
		F630F4871FBA8C6A00CC0673 /* Build configuration list for PBXNativeTarget "VirtualChips" */ = {
			isa = XCConfigurationList;
			buildConfigurations = (
				F630F4881FBA8C6A00CC0673 /* Debug */,
				F630F4891FBA8C6A00CC0673 /* Release */,
			);
			defaultConfigurationIsVisible = 0;
			defaultConfigurationName = Release;
		};
		F630F48A1FBA8C6A00CC0673 /* Build configuration list for PBXNativeTarget "VirtualChipsTests" */ = {
			isa = XCConfigurationList;
			buildConfigurations = (
				F630F48B1FBA8C6A00CC0673 /* Debug */,
				F630F48C1FBA8C6A00CC0673 /* Release */,
			);
			defaultConfigurationIsVisible = 0;
			defaultConfigurationName = Release;
		};
/* End XCConfigurationList section */
	};
	rootObject = F630F4621FBA8C6A00CC0673 /* Project object */;
}
